github.com/grokify/mogo v0.67.5 h1:6tkvJIFQ7/d7IsREjpfC+8aNcxRzH7kv3Dy+55VF/mk=
github.com/grokify/mogo v0.67.5/go.mod h1:Hlk3Vk3w59qaHls9VANUchW8FdfWQCqrs2pI4IFtpqA=
golang.org/x/net v0.34.0 h1:Mb7Mrk043xzHgnRM88suvJFwzVrRfHEHJEl5/71CKw0=
golang.org/x/net v0.34.0/go.mod h1:di0qlW3YNM5oh6GqDGQr92MyTozJPmybPK4Ev/Gm31k=
