github.com/grokify/mogo v0.68.11 h1:NQCklgkAetwCcyLZci0/W2lLYwQPNlNh4ojMpcRquYA=
github.com/grokify/mogo v0.68.11/go.mod h1:ElGmqZaEVAE/cOuCqZbpOj79oQDdLC02m5v7+P00IW0=
golang.org/x/net v0.39.0 h1:ZCu7HMWDxpXpaiKdhzIfaltL9Lp31x/3fCP11bc6/fY=
golang.org/x/net v0.39.0/go.mod h1:X7NRbYVEA+ewNkCNyJ513WmMdQ3BineSwVtN2zD/d+E=
