github.com/grokify/mogo v0.68.5 h1:XyDQMHLn7SaSIjCaQBDKJHCkRPA1w5PZyveBwnzGuno=
github.com/grokify/mogo v0.68.5/go.mod h1:tC2yl/H8ZK1pVvLFVFYoQQTYOreNizLW88gj9kNrZRM=
golang.org/x/net v0.38.0 h1:vRMAPTMaeGqVhG5QyLJHqNDwecKTomGeqbnfZyKlBI8=
golang.org/x/net v0.38.0/go.mod h1:ivrbrMbzFq5J41QOQh0siUuly180yBYtLp+CKbEaFx8=
